
Microsoft Visual Studio Solution File, Format Version 12.00
# Visual Studio Version 17
VisualStudioVersion = 17.8.34408.163
MinimumVisualStudioVersion = 10.0.40219.1
Project("{FAE04EC0-301F-11D3-BF4B-00C04F79EFBC}") = "ZZSploit", "ZZSploit\ZZSploit.csproj", "{FC2CA81A-5F60-4036-97BB-D0AF670A93F9}"
EndProject
Global
	GlobalSection(SolutionConfigurationPlatforms) = preSolution
		Debug|Any CPU = Debug|Any CPU
		Release|Any CPU = Release|Any CPU
	EndGlobalSection
	GlobalSection(ProjectConfigurationPlatforms) = postSolution
		{FC2CA81A-5F60-4036-97BB-D0AF670A93F9}.Debug|Any CPU.ActiveCfg = Debug|Any CPU
		{FC2CA81A-5F60-4036-97BB-D0AF670A93F9}.Debug|Any CPU.Build.0 = Debug|Any CPU
		{FC2CA81A-5F60-4036-97BB-D0AF670A93F9}.Release|Any CPU.ActiveCfg = Release|Any CPU
		{FC2CA81A-5F60-4036-97BB-D0AF670A93F9}.Release|Any CPU.Build.0 = Release|Any CPU
	EndGlobalSection
	GlobalSection(SolutionProperties) = preSolution
		HideSolutionNode = FALSE
	EndGlobalSection
	GlobalSection(ExtensibilityGlobals) = postSolution
		SolutionGuid = {4B980781-C3F9-4BF6-95AE-F59DE8C7C796}
	EndGlobalSection
EndGlobal
